<?xml version="1.0" encoding="utf-8"?>
<Project ToolsVersion="17.0" xmlns="http://schemas.microsoft.com/developer/msbuild/2003">
  <ItemGroup>
    <ClCompile Include="D:\ahoqp1\Repositories\Glint3D\tools\qem_simplifier\src\backends\qem_core_simplifier_backend.cpp">
      <Filter>Source Files</Filter>
    </ClCompile>
    <ClCompile Include="D:\ahoqp1\Repositories\Glint3D\tools\qem_simplifier\src\backends\glint_cli_render_backend.cpp">
      <Filter>Source Files</Filter>
    </ClCompile>
    <ClCompile Include="D:\ahoqp1\Repositories\Glint3D\tools\qem_simplifier\src\backends\mesh_preview_staging.cpp">
      <Filter>Source Files</Filter>
    </ClCompile>
    <ClCompile Include="D:\ahoqp1\Repositories\Glint3D\tools\qem_simplifier\src\backends\obj_mesh_io_tinyobj.cpp">
      <Filter>Source Files</Filter>
    </ClCompile>
  </ItemGroup>
  <ItemGroup>
    <CustomBuild Include="D:\ahoqp1\Repositories\Glint3D\tools\qem_simplifier\CMakeLists.txt" />
  </ItemGroup>
  <ItemGroup>
    <Filter Include="Source Files">
      <UniqueIdentifier>{BBAFA04F-BA04-341B-9A09-4224ADBD94B6}</UniqueIdentifier>
    </Filter>
  </ItemGroup>
</Project>
